<?xml version="1.0" encoding="UTF-8" standalone="yes" ?>
<CodeBlocks_project_file>
	<FileVersion major="1" minor="6" />
	<Project>
		<Option title="BIGCOMBO_TEST" />
		<Option pch_mode="2" />
		<Option compiler="gcc" />
		<Build>
			<Target title="Debug">
				<Option output="bin/Debug/BIGCOMBO_TEST" prefix_auto="1" extension_auto="1" />
				<Option object_output="obj/Debug/" />
				<Option type="1" />
				<Option compiler="gcc" />
				<Compiler>
					<Add option="-g" />
				</Compiler>
			</Target>
			<Target title="Release">
				<Option output="bin/Release/BIGCOMBO_TEST" prefix_auto="1" extension_auto="1" />
				<Option object_output="obj/Release/" />
				<Option type="1" />
				<Option compiler="gcc" />
				<Compiler>
					<Add option="-O2" />
				</Compiler>
				<Linker>
					<Add option="-s" />
				</Linker>
			</Target>
		</Build>
		<Compiler>
			<Add option="-Wall" />
			<Add option="-fexceptions" />
		</Compiler>
		<Unit filename="CDataToMessageOK.cpp" />
		<Unit filename="CDataToMessageOK.h" />
		<Unit filename="CHexToInt.cpp" />
		<Unit filename="CHexToInt.h" />
		<Unit filename="CIOCom.cpp" />
		<Unit filename="CIOCom.h" />
		<Unit filename="CPacketCluster.cpp" />
		<Unit filename="CPacketCluster.h" />
		<Unit filename="CPhaseInfo.cpp" />
		<Unit filename="CPhaseInfo.h" />
		<Unit filename="CPlanInfo.cpp" />
		<Unit filename="CPlanInfo.h" />
		<Unit filename="CRTMSDecoder.cpp" />
		<Unit filename="CRTMSDecoder.h" />
		<Unit filename="CRTMSInformation.cpp" />
		<Unit filename="CRTMSInformation.h" />
		<Unit filename="CReverseTime.cpp" />
		<Unit filename="CReverseTime.h" />
		<Unit filename="CSTC.cpp" />
		<Unit filename="CSTC.h" />
		<Unit filename="CSTORINI.cpp" />
		<Unit filename="CSTORINI.h" />
		<Unit filename="CSegmentInfo.cpp" />
		<Unit filename="CSegmentInfo.h" />
		<Unit filename="CTIMER.cpp" />
		<Unit filename="CTIMER.h" />
		<Unit filename="CTarget.h" />
		<Unit filename="CTools.cpp" />
		<Unit filename="CTools.h" />
		<Unit filename="CTrafficAnalyzer.cpp" />
		<Unit filename="CTrafficAnalyzer.h" />
		<Unit filename="DIGITALIO.cpp" />
		<Unit filename="DIGITALIO.h" />
		<Unit filename="DYNCTLJOB.cpp" />
		<Unit filename="DYNCTLJOB.h" />
		<Unit filename="IODEVICE.cpp" />
		<Unit filename="IODEVICE.h" />
		<Unit filename="JOB.cpp" />
		<Unit filename="JOB.h" />
		<Unit filename="LCD240x128.cpp" />
		<Unit filename="LCD240x128.h" />
		<Unit filename="Makefile" />
		<Unit filename="PARSE.cpp" />
		<Unit filename="PARSE.h" />
		<Unit filename="PARSENMEA.cpp" />
		<Unit filename="PARSENMEA.h" />
		<Unit filename="PARSERTMS.cpp" />
		<Unit filename="PARSERTMS.h" />
		<Unit filename="PARSESS.cpp" />
		<Unit filename="PARSESS.h" />
		<Unit filename="PARSETRAFFIC.cpp" />
		<Unit filename="PARSETRAFFIC.cpp.bakNew" />
		<Unit filename="PARSETRAFFIC.cpp.old" />
		<Unit filename="PARSETRAFFIC.h" />
		<Unit filename="PARSETRAFFIC.h.old" />
		<Unit filename="PARSEV3.cpp" />
		<Unit filename="PARSEV3.h" />
		<Unit filename="PDEVICE.cpp" />
		<Unit filename="PDEVICE.h" />
		<Unit filename="PDEVICEKEYPAD.cpp" />
		<Unit filename="PDEVICEKEYPAD.h" />
		<Unit filename="PDEVICEREVMANUALPAD.cpp" />
		<Unit filename="PDEVICEREVMANUALPAD.h" />
		<Unit filename="PDEVICERTMS.cpp" />
		<Unit filename="PDEVICERTMS.h" />
		<Unit filename="PDEVICESS.cpp" />
		<Unit filename="PDEVICESS.h" />
		<Unit filename="PDEVICETRAFFICLIGHT.cpp" />
		<Unit filename="PDEVICETRAFFICLIGHT.h" />
		<Unit filename="PROTOCOL.cpp" />
		<Unit filename="PROTOCOL.h" />
		<Unit filename="PTRAFFIC.cpp" />
		<Unit filename="PTRAFFIC.h" />
		<Unit filename="PTRAFFIC77.cpp" />
		<Unit filename="PTRAFFIC77.h" />
		<Unit filename="PTRAFFIC87.cpp" />
		<Unit filename="PTRAFFIC87.h" />
		<Unit filename="PTRAFFIC87CMS.cpp" />
		<Unit filename="PTRAFFIC87CMS.h" />
		<Unit filename="PTRAFFIC87COMM.cpp" />
		<Unit filename="PTRAFFIC87COMM.h" />
		<Unit filename="PTRAFFIC87TC.cpp" />
		<Unit filename="PTRAFFIC87TC.h" />
		<Unit filename="PTRAFFIC87VD.cpp" />
		<Unit filename="PTRAFFIC87VD.h" />
		<Unit filename="PTRAFFIC92.cpp" />
		<Unit filename="PTRAFFIC92.h" />
		<Unit filename="PTRAFFIC92CMS.cpp" />
		<Unit filename="PTRAFFIC92CMS.h" />
		<Unit filename="PTRAFFIC92COMM.cpp" />
		<Unit filename="PTRAFFIC92COMM.h" />
		<Unit filename="PTRAFFIC92OTHER.cpp" />
		<Unit filename="PTRAFFIC92OTHER.h" />
		<Unit filename="PTRAFFIC92TC.cpp" />
		<Unit filename="PTRAFFIC92TC.h" />
		<Unit filename="PTRAFFIC92VD.cpp" />
		<Unit filename="PTRAFFIC92VD.h" />
		<Unit filename="PTRAFFICAMEGIDS.cpp" />
		<Unit filename="PTRAFFICAMEGIDS.h" />
		<Unit filename="PTRAFFICCCJ.cpp" />
		<Unit filename="PTRAFFICCCJ.h" />
		<Unit filename="PTRAFFICNTCIP.cpp" />
		<Unit filename="PTRAFFICNTCIP.h" />
		<Unit filename="PTRAFFICREVSYNC.cpp" />
		<Unit filename="PTRAFFICREVSYNC.h" />
		<Unit filename="READJOB.cpp" />
		<Unit filename="READJOB.h" />
		<Unit filename="RS232.cpp" />
		<Unit filename="RS232.h" />
		<Unit filename="SCREEN.cpp" />
		<Unit filename="SCREEN.h" />
		<Unit filename="SCREENABOErr.cpp" />
		<Unit filename="SCREENABOErr.h" />
		<Unit filename="SCREENCmdSet.cpp" />
		<Unit filename="SCREENCmdSet.h" />
		<Unit filename="SCREENCommStat.cpp" />
		<Unit filename="SCREENCommStat.h" />
		<Unit filename="SCREENCtlNo.cpp" />
		<Unit filename="SCREENCtlNo.h" />
		<Unit filename="SCREENCtlSetup.cpp" />
		<Unit filename="SCREENCtlSetup.h" />
		<Unit filename="SCREENDBSetup.cpp" />
		<Unit filename="SCREENDBSetup.h" />
		<Unit filename="SCREENDirMap.cpp" />
		<Unit filename="SCREENDirMap.h" />
		<Unit filename="SCREENFWVerDT.cpp" />
		<Unit filename="SCREENFWVerDT.h" />
		<Unit filename="SCREENHWCycle.cpp" />
		<Unit filename="SCREENHWCycle.h" />
		<Unit filename="SCREENHWReset.cpp" />
		<Unit filename="SCREENHWReset.h" />
		<Unit filename="SCREENLast92TCPlanSegmentUpdate.cpp" />
		<Unit filename="SCREENLast92TCPlanSegmentUpdate.h" />
		<Unit filename="SCREENLastDown.cpp" />
		<Unit filename="SCREENLastDown.h" />
		<Unit filename="SCREENLcnEncode.cpp" />
		<Unit filename="SCREENLcnEncode.h" />
		<Unit filename="SCREENLightBoardMap.cpp" />
		<Unit filename="SCREENLightBoardMap.h" />
		<Unit filename="SCREENLockdb.cpp" />
		<Unit filename="SCREENLockdb.h" />
		<Unit filename="SCREENLogin.cpp" />
		<Unit filename="SCREENLogin.h" />
		<Unit filename="SCREENLoginErr.cpp" />
		<Unit filename="SCREENLoginErr.h" />
		<Unit filename="SCREENLogo.cpp" />
		<Unit filename="SCREENLogo.h" />
		<Unit filename="SCREENMBSelect.cpp" />
		<Unit filename="SCREENMBSelect.h" />
		<Unit filename="SCREENMain.cpp" />
		<Unit filename="SCREENMain.h" />
		<Unit filename="SCREENModifyDT.cpp" />
		<Unit filename="SCREENModifyDT.h" />
		<Unit filename="SCREENModifyPWD.cpp" />
		<Unit filename="SCREENModifyPWD.h" />
		<Unit filename="SCREENNetmaskSet.cpp" />
		<Unit filename="SCREENNetmaskSet.h" />
		<Unit filename="SCREENNetworkSet.cpp" />
		<Unit filename="SCREENNetworkSet.h" />
		<Unit filename="SCREENNetworkSetConfirm.cpp" />
		<Unit filename="SCREENNetworkSetConfirm.h" />
		<Unit filename="SCREENNone.cpp" />
		<Unit filename="SCREENNone.h" />
		<Unit filename="SCREENOffline.cpp" />
		<Unit filename="SCREENOffline.h" />
		<Unit filename="SCREENOnline.cpp" />
		<Unit filename="SCREENOnline.h" />
		<Unit filename="SCREENOperMode.cpp" />
		<Unit filename="SCREENOperMode.h" />
		<Unit filename="SCREENOperStat.cpp" />
		<Unit filename="SCREENOperStat.h" />
		<Unit filename="SCREENRedCountMap.cpp" />
		<Unit filename="SCREENRedCountMap.h" />
		<Unit filename="SCREENSendCycle.cpp" />
		<Unit filename="SCREENSendCycle.h" />
		<Unit filename="SCREENTFDStatus.cpp" />
		<Unit filename="SCREENTFDStatus.h" />
		<Unit filename="SCREENTotalRun.cpp" />
		<Unit filename="SCREENTotalRun.h" />
		<Unit filename="SCREENUart2.cpp" />
		<Unit filename="SCREENUart2.h" />
		<Unit filename="SCREENUpdateDB.cpp" />
		<Unit filename="SCREENUpdateDB.h" />
		<Unit filename="SCREENWarning.cpp" />
		<Unit filename="SCREENWarning.h" />
		<Unit filename="SMEM.cpp" />
		<Unit filename="SMEM.h" />
		<Unit filename="STCBIGCombo.cbx" />
		<Unit filename="STCBIGCombo.cbx.local" />
		<Unit filename="STCCombo.cbx.local" />
		<Unit filename="STCNCTU.cbx.local" />
		<Unit filename="STORAGE.cpp" />
		<Unit filename="STORAGE.h" />
		<Unit filename="UDP.cpp" />
		<Unit filename="UDP.h" />
		<Unit filename="WRITEJOB.cpp" />
		<Unit filename="WRITEJOB.h" />
		<Unit filename="inifile.cpp" />
		<Unit filename="inifile.h" />
		<Unit filename="junbo_light_control.h" />
		<Unit filename="light.cpp" />
		<Unit filename="light.h" />
		<Unit filename="main.cpp" />
		<Unit filename="main.h" />
		<Unit filename="screenActuateArwenStatus.cpp" />
		<Unit filename="screenActuateArwenStatus.h" />
		<Unit filename="screenActuateEdit.cpp" />
		<Unit filename="screenActuateEdit.h" />
		<Unit filename="screenChainMenu.cpp" />
		<Unit filename="screenChainMenu.h" />
		<Unit filename="screenChainStatus.cpp" />
		<Unit filename="screenChainStatus.h" />
		<Unit filename="screenChildChainSet.cpp" />
		<Unit filename="screenChildChainSet.h" />
		<Unit filename="screenCurrentCommPacket.cpp" />
		<Unit filename="screenCurrentCommPacket.h" />
		<Unit filename="screenCurrentLightStatus.cpp" />
		<Unit filename="screenCurrentLightStatus.h" />
		<Unit filename="screenDirLightBoardMappingMenu.cpp" />
		<Unit filename="screenDirLightBoardMappingMenu.h" />
		<Unit filename="screenLightEdit.cpp" />
		<Unit filename="screenLightEdit.h" />
		<Unit filename="screenLightPreview.cpp" />
		<Unit filename="screenLightPreview.h" />
		<Unit filename="screenMotherChainSet.cpp" />
		<Unit filename="screenMotherChainSet.h" />
		<Unit filename="screenPassModeSet.cpp" />
		<Unit filename="screenPassModeSet.h" />
		<Unit filename="screenPhasePreview.cpp" />
		<Unit filename="screenPhasePreview.h" />
		<Unit filename="screenPlan.cpp" />
		<Unit filename="screenPlan.h" />
		<Unit filename="screenPlanEdit0523.cpp" />
		<Unit filename="screenPlanEdit0523.h" />
		<Unit filename="screenPlanEditF2.cpp" />
		<Unit filename="screenPlanEditF2.h" />
		<Unit filename="screenPlanPreview.cpp" />
		<Unit filename="screenPlanPreview.h" />
		<Unit filename="screenRTMSInfo.cpp" />
		<Unit filename="screenRTMSInfo.h" />
		<Unit filename="screenRailwayChainSet.cpp" />
		<Unit filename="screenRailwayChainSet.h" />
		<Unit filename="screenRedCountHWCheck.cpp" />
		<Unit filename="screenRedCountHWCheck.h" />
		<Unit filename="screenRedCountHWCheckCycleNum.cpp" />
		<Unit filename="screenRedCountHWCheckCycleNum.h" />
		<Unit filename="screenRedCountHWCheckDevID.cpp" />
		<Unit filename="screenRedCountHWCheckDevID.h" />
		<Unit filename="screenRedCountHWCheckNum88.cpp" />
		<Unit filename="screenRedCountHWCheckNum88.h" />
		<Unit filename="screenRedCountHWCheckSel.cpp" />
		<Unit filename="screenRedCountHWCheckSel.h" />
		<Unit filename="screenRedCountHWVerMenu.cpp" />
		<Unit filename="screenRedCountHWVerMenu.h" />
		<Unit filename="screenRedCountMenu.cpp" />
		<Unit filename="screenRedCountMenu.h" />
		<Unit filename="screenRevSpecialDay.cpp" />
		<Unit filename="screenRevSpecialDay.h" />
		<Unit filename="screenRevWeekDay.cpp" />
		<Unit filename="screenRevWeekDay.h" />
		<Unit filename="screenReverse.cpp" />
		<Unit filename="screenReverse.h" />
		<Unit filename="screenReverseMenu.cpp" />
		<Unit filename="screenReverseMenu.h" />
		<Unit filename="screenRunTableList.cpp" />
		<Unit filename="screenRunTableList.h" />
		<Unit filename="screenSegtype.cpp" />
		<Unit filename="screenSegtype.h" />
		<Unit filename="screenSegtypeEditF2.cpp" />
		<Unit filename="screenSegtypeEditF2.h" />
		<Unit filename="screenSegtypeMenu.cpp" />
		<Unit filename="screenSegtypeMenu.h" />
		<Unit filename="screenSegtypePreview.cpp" />
		<Unit filename="screenSegtypePreview.h" />
		<Unit filename="screenSegtypeSel.cpp" />
		<Unit filename="screenSegtypeSel.h" />
		<Unit filename="screenSpecialDay.cpp" />
		<Unit filename="screenSpecialDay.h" />
		<Unit filename="screenSpecialDayEditF2.cpp" />
		<Unit filename="screenSpecialDayEditF2.h" />
		<Unit filename="screenSpecialDayView.cpp" />
		<Unit filename="screenSpecialDayView.h" />
		<Unit filename="screenStrategy.cpp" />
		<Unit filename="screenStrategy.h" />
		<Unit filename="screenWeekDay.cpp" />
		<Unit filename="screenWeekDay.h" />
		<Unit filename="screenWeekDayEditF2.cpp" />
		<Unit filename="screenWeekDayEditF2.h" />
		<Unit filename="tstdlibs.h" />
		<Unit filename="var.h" />
		<Extensions>
			<code_completion />
			<debugger />
			<envvars />
		</Extensions>
	</Project>
</CodeBlocks_project_file>
