<?xml version="1.0" encoding="UTF-8" standalone="yes" ?>
<CodeBlocks_project_file>
	<FileVersion major="1" minor="6" />
	<Project>
		<Option title="wufon_chushein_project" />
		<Option pch_mode="2" />
		<Option compiler="gcc" />
		<Build>
			<Target title="Debug">
				<Option output="bin/Debug/wufon_chushein_project" prefix_auto="1" extension_auto="1" />
				<Option object_output="obj/Debug/" />
				<Option type="1" />
				<Option compiler="gcc" />
				<Compiler>
					<Add option="-g" />
				</Compiler>
			</Target>
			<Target title="Release">
				<Option output="bin/Release/wufon_chushein_project" prefix_auto="1" extension_auto="1" />
				<Option object_output="obj/Release/" />
				<Option type="1" />
				<Option compiler="gcc" />
				<Compiler>
					<Add option="-O2" />
				</Compiler>
				<Linker>
					<Add option="-s" />
				</Linker>
			</Target>
		</Build>
		<Compiler>
			<Add option="-Wall" />
			<Add option="-fexceptions" />
		</Compiler>
		<Unit filename="CDataToMessageOK.cpp" />
		<Unit filename="CDataToMessageOK.h" />
		<Unit filename="CHexToInt.cpp" />
		<Unit filename="CHexToInt.h" />
		<Unit filename="PARSEGROUP.cpp" />
		<Unit filename="PARSEGROUP.h" />
		<Unit filename="PARSETRAFFIC.cpp" />
		<Unit filename="PARSETRAFFIC.h" />
		<Unit filename="RS232.cpp" />
		<Unit filename="RS232.h" />
		<Unit filename="UDP.cpp" />
		<Unit filename="UDP.h" />
		<Unit filename="V3protocol_0F.cpp" />
		<Unit filename="V3protocol_0F.h" />
		<Unit filename="execute_thread.cpp" />
		<Unit filename="execute_thread.h" />
		<Unit filename="junbo_cms.cpp" />
		<Unit filename="junbo_cms.h" />
		<Unit filename="junli_vd.cpp" />
		<Unit filename="junli_vd.h" />
		<Unit filename="main.cpp" />
		<Unit filename="readjob.cpp" />
		<Unit filename="readjob.h" />
		<Unit filename="sharememory.cpp" />
		<Unit filename="sharememory.h" />
		<Unit filename="variable.h" />
		<Unit filename="writejob.cpp" />
		<Unit filename="writejob.h" />
		<Extensions>
			<envvars />
			<code_completion />
			<lib_finder disable_auto="1" />
			<debugger />
		</Extensions>
	</Project>
</CodeBlocks_project_file>
